
Microsoft Visual Studio Solution File, Format Version 12.00
# Visual Studio Version 17
VisualStudioVersion = 17.13.35913.81
MinimumVisualStudioVersion = 10.0.40219.1
Project("{FAE04EC0-301F-11D3-BF4B-00C04F79EFBC}") = "HRA", "HRA\HRA.csproj", "{540139AB-D9E8-486D-95A5-13B23163526B}"
EndProject
Project("{FAE04EC0-301F-11D3-BF4B-00C04F79EFBC}") = "HRA_GUI", "HRA_GUI\HRA_GUI.csproj", "{05672DBC-F92C-4EC7-8B64-C4EF76D962D4}"
EndProject
Global
	GlobalSection(SolutionConfigurationPlatforms) = preSolution
		Debug|Any CPU = Debug|Any CPU
		Release|Any CPU = Release|Any CPU
	EndGlobalSection
	GlobalSection(ProjectConfigurationPlatforms) = postSolution
		{540139AB-D9E8-486D-95A5-13B23163526B}.Debug|Any CPU.ActiveCfg = Debug|Any CPU
		{540139AB-D9E8-486D-95A5-13B23163526B}.Debug|Any CPU.Build.0 = Debug|Any CPU
		{540139AB-D9E8-486D-95A5-13B23163526B}.Release|Any CPU.ActiveCfg = Release|Any CPU
		{540139AB-D9E8-486D-95A5-13B23163526B}.Release|Any CPU.Build.0 = Release|Any CPU
		{05672DBC-F92C-4EC7-8B64-C4EF76D962D4}.Debug|Any CPU.ActiveCfg = Debug|Any CPU
		{05672DBC-F92C-4EC7-8B64-C4EF76D962D4}.Debug|Any CPU.Build.0 = Debug|Any CPU
		{05672DBC-F92C-4EC7-8B64-C4EF76D962D4}.Release|Any CPU.ActiveCfg = Release|Any CPU
		{05672DBC-F92C-4EC7-8B64-C4EF76D962D4}.Release|Any CPU.Build.0 = Release|Any CPU
	EndGlobalSection
	GlobalSection(SolutionProperties) = preSolution
		HideSolutionNode = FALSE
	EndGlobalSection
	GlobalSection(ExtensibilityGlobals) = postSolution
		SolutionGuid = {996A32B6-707F-4AE9-8A0A-80EFC0030A47}
	EndGlobalSection
EndGlobal
